PODS:
  - OpenSSL-Apple (1.1.1l.11)
  - SwiftyBeaver (1.9.1)

DEPENDENCIES:
  - OpenSSL-Apple (from `/Users/liangbo/development/onetown/openssl-apple`)
  - SwiftyBeaver

SPEC REPOS:
  https://github.com/CocoaPods/Specs.git:
    - SwiftyBeaver

EXTERNAL SOURCES:
  OpenSSL-Apple:
    :path: "/Users/liangbo/development/onetown/openssl-apple"

SPEC CHECKSUMS:
  OpenSSL-Apple: 76b1a85e569d1091be3718236d75dfba0bcf60c6
  SwiftyBeaver: a1f5691458561414bcfab51874b2b7445451602b

PODFILE CHECKSUM: d89b4f87599999e001562cfa1acdc937517993b1

COCOAPODS: 1.16.2
